
Microsoft Visual Studio Solution File, Format Version 12.00
# Visual Studio 14
VisualStudioVersion = 14.0.25420.1
MinimumVisualStudioVersion = 10.0.40219.1
Project("{FAE04EC0-301F-11D3-BF4B-00C04F79EFBC}") = "YTRTLS", "YTRTLS\YTRTLS.csproj", "{2835E51A-1A5D-48F7-8B66-E498167BA097}"
EndProject
Global
	GlobalSection(SolutionConfigurationPlatforms) = preSolution
		Debug|Any CPU = Debug|Any CPU
		Release|Any CPU = Release|Any CPU
	EndGlobalSection
	GlobalSection(ProjectConfigurationPlatforms) = postSolution
		{2835E51A-1A5D-48F7-8B66-E498167BA097}.Debug|Any CPU.ActiveCfg = Debug|Any CPU
		{2835E51A-1A5D-48F7-8B66-E498167BA097}.Debug|Any CPU.Build.0 = Debug|Any CPU
		{2835E51A-1A5D-48F7-8B66-E498167BA097}.Release|Any CPU.ActiveCfg = Release|Any CPU
		{2835E51A-1A5D-48F7-8B66-E498167BA097}.Release|Any CPU.Build.0 = Release|Any CPU
	EndGlobalSection
	GlobalSection(SolutionProperties) = preSolution
		HideSolutionNode = FALSE
	EndGlobalSection
EndGlobal
